// !$*UTF8*$!
{
	archiveVersion = 1;
	classes = {
	};
	objectVersion = 56;
	objects = {

/* Begin PBXBuildFile section */
		F804A5662A34248B00463966 /* TableViewCell.swift in Sources */ = {isa = PBXBuildFile; fileRef = F804A5652A34248B00463966 /* TableViewCell.swift */; };
		F862E9FB2A31AC280051925E /* AppDelegate.swift in Sources */ = {isa = PBXBuildFile; fileRef = F862E9FA2A31AC280051925E /* AppDelegate.swift */; };
		F862E9FD2A31AC280051925E /* SceneDelegate.swift in Sources */ = {isa = PBXBuildFile; fileRef = F862E9FC2A31AC280051925E /* SceneDelegate.swift */; };
		F862E9FF2A31AC280051925E /* ViewController.swift in Sources */ = {isa = PBXBuildFile; fileRef = F862E9FE2A31AC280051925E /* ViewController.swift */; };
		F862EA022A31AC280051925E /* Main.storyboard in Resources */ = {isa = PBXBuildFile; fileRef = F862EA002A31AC280051925E /* Main.storyboard */; };
		F862EA052A31AC280051925E /* DataPegawai.xcdatamodeld in Sources */ = {isa = PBXBuildFile; fileRef = F862EA032A31AC280051925E /* DataPegawai.xcdatamodeld */; };
		F862EA072A31AC280051925E /* Assets.xcassets in Resources */ = {isa = PBXBuildFile; fileRef = F862EA062A31AC280051925E /* Assets.xcassets */; };
		F862EA0A2A31AC280051925E /* LaunchScreen.storyboard in Resources */ = {isa = PBXBuildFile; fileRef = F862EA082A31AC280051925E /* LaunchScreen.storyboard */; };
		F862EA122A31B69B0051925E /* AddFormViewController.swift in Sources */ = {isa = PBXBuildFile; fileRef = F862EA112A31B69A0051925E /* AddFormViewController.swift */; };
		F88EAC8B2A36CE5900712515 /* DetailViewController.swift in Sources */ = {isa = PBXBuildFile; fileRef = F88EAC8A2A36CE5900712515 /* DetailViewController.swift */; };
		F8CAA1982A381F8F009A2DF5 /* CustomNavigationController.swift in Sources */ = {isa = PBXBuildFile; fileRef = F8CAA1972A381F8F009A2DF5 /* CustomNavigationController.swift */; };
/* End PBXBuildFile section */

/* Begin PBXFileReference section */
		F804A5652A34248B00463966 /* TableViewCell.swift */ = {isa = PBXFileReference; lastKnownFileType = sourcecode.swift; path = TableViewCell.swift; sourceTree = "<group>"; };
		F862E9F72A31AC280051925E /* DataPegawai.app */ = {isa = PBXFileReference; explicitFileType = wrapper.application; includeInIndex = 0; path = DataPegawai.app; sourceTree = BUILT_PRODUCTS_DIR; };
		F862E9FA2A31AC280051925E /* AppDelegate.swift */ = {isa = PBXFileReference; lastKnownFileType = sourcecode.swift; path = AppDelegate.swift; sourceTree = "<group>"; };
		F862E9FC2A31AC280051925E /* SceneDelegate.swift */ = {isa = PBXFileReference; lastKnownFileType = sourcecode.swift; path = SceneDelegate.swift; sourceTree = "<group>"; };
		F862E9FE2A31AC280051925E /* ViewController.swift */ = {isa = PBXFileReference; lastKnownFileType = sourcecode.swift; path = ViewController.swift; sourceTree = "<group>"; };
		F862EA012A31AC280051925E /* Base */ = {isa = PBXFileReference; lastKnownFileType = file.storyboard; name = Base; path = Base.lproj/Main.storyboard; sourceTree = "<group>"; };
		F862EA042A31AC280051925E /* DataPegawai.xcdatamodel */ = {isa = PBXFileReference; lastKnownFileType = wrapper.xcdatamodel; path = DataPegawai.xcdatamodel; sourceTree = "<group>"; };
		F862EA062A31AC280051925E /* Assets.xcassets */ = {isa = PBXFileReference; lastKnownFileType = folder.assetcatalog; path = Assets.xcassets; sourceTree = "<group>"; };
		F862EA092A31AC280051925E /* Base */ = {isa = PBXFileReference; lastKnownFileType = file.storyboard; name = Base; path = Base.lproj/LaunchScreen.storyboard; sourceTree = "<group>"; };
		F862EA0B2A31AC280051925E /* Info.plist */ = {isa = PBXFileReference; lastKnownFileType = text.plist.xml; path = Info.plist; sourceTree = "<group>"; };
		F862EA112A31B69A0051925E /* AddFormViewController.swift */ = {isa = PBXFileReference; lastKnownFileType = sourcecode.swift; path = AddFormViewController.swift; sourceTree = "<group>"; };
		F88EAC8A2A36CE5900712515 /* DetailViewController.swift */ = {isa = PBXFileReference; lastKnownFileType = sourcecode.swift; path = DetailViewController.swift; sourceTree = "<group>"; };
		F8CAA1972A381F8F009A2DF5 /* CustomNavigationController.swift */ = {isa = PBXFileReference; lastKnownFileType = sourcecode.swift; path = CustomNavigationController.swift; sourceTree = "<group>"; };
/* End PBXFileReference section */

/* Begin PBXFrameworksBuildPhase section */
		F862E9F42A31AC280051925E /* Frameworks */ = {
			isa = PBXFrameworksBuildPhase;
			buildActionMask = 2147483647;
			files = (
			);
			runOnlyForDeploymentPostprocessing = 0;
		};
/* End PBXFrameworksBuildPhase section */

/* Begin PBXGroup section */
		F862E9EE2A31AC280051925E = {
			isa = PBXGroup;
			children = (
				F862E9F92A31AC280051925E /* DataPegawai */,
				F862E9F82A31AC280051925E /* Products */,
			);
			sourceTree = "<group>";
		};
		F862E9F82A31AC280051925E /* Products */ = {
			isa = PBXGroup;
			children = (
				F862E9F72A31AC280051925E /* DataPegawai.app */,
			);
			name = Products;
			sourceTree = "<group>";
		};
		F862E9F92A31AC280051925E /* DataPegawai */ = {
			isa = PBXGroup;
			children = (
				F862EA132A31B6B00051925E /* Base */,
				F862EA162A31B7080051925E /* FileSystem */,
				F862EA152A31B6E90051925E /* View */,
				F862EA142A31B6BF0051925E /* Controller */,
			);
			path = DataPegawai;
			sourceTree = "<group>";
		};
		F862EA132A31B6B00051925E /* Base */ = {
			isa = PBXGroup;
			children = (
				F862E9FA2A31AC280051925E /* AppDelegate.swift */,
				F862E9FC2A31AC280051925E /* SceneDelegate.swift */,
			);
			path = Base;
			sourceTree = "<group>";
		};
		F862EA142A31B6BF0051925E /* Controller */ = {
			isa = PBXGroup;
			children = (
				F862E9FE2A31AC280051925E /* ViewController.swift */,
				F804A5652A34248B00463966 /* TableViewCell.swift */,
				F8CAA1972A381F8F009A2DF5 /* CustomNavigationController.swift */,
				F862EA112A31B69A0051925E /* AddFormViewController.swift */,
				F88EAC8A2A36CE5900712515 /* DetailViewController.swift */,
			);
			path = Controller;
			sourceTree = "<group>";
		};
		F862EA152A31B6E90051925E /* View */ = {
			isa = PBXGroup;
			children = (
				F862EA002A31AC280051925E /* Main.storyboard */,
			);
			path = View;
			sourceTree = "<group>";
		};
		F862EA162A31B7080051925E /* FileSystem */ = {
			isa = PBXGroup;
			children = (
				F862EA062A31AC280051925E /* Assets.xcassets */,
				F862EA082A31AC280051925E /* LaunchScreen.storyboard */,
				F862EA0B2A31AC280051925E /* Info.plist */,
				F862EA032A31AC280051925E /* DataPegawai.xcdatamodeld */,
			);
			path = FileSystem;
			sourceTree = "<group>";
		};
/* End PBXGroup section */

/* Begin PBXNativeTarget section */
		F862E9F62A31AC280051925E /* DataPegawai */ = {
			isa = PBXNativeTarget;
			buildConfigurationList = F862EA0E2A31AC280051925E /* Build configuration list for PBXNativeTarget "DataPegawai" */;
			buildPhases = (
				F862E9F32A31AC280051925E /* Sources */,
				F862E9F42A31AC280051925E /* Frameworks */,
				F862E9F52A31AC280051925E /* Resources */,
			);
			buildRules = (
			);
			dependencies = (
			);
			name = DataPegawai;
			productName = DataPegawai;
			productReference = F862E9F72A31AC280051925E /* DataPegawai.app */;
			productType = "com.apple.product-type.application";
		};
/* End PBXNativeTarget section */

/* Begin PBXProject section */
		F862E9EF2A31AC280051925E /* Project object */ = {
			isa = PBXProject;
			attributes = {
				BuildIndependentTargetsInParallel = 1;
				LastSwiftUpdateCheck = 1430;
				LastUpgradeCheck = 1430;
				TargetAttributes = {
					F862E9F62A31AC280051925E = {
						CreatedOnToolsVersion = 14.3;
					};
				};
			};
			buildConfigurationList = F862E9F22A31AC280051925E /* Build configuration list for PBXProject "DataPegawai" */;
			compatibilityVersion = "Xcode 14.0";
			developmentRegion = en;
			hasScannedForEncodings = 0;
			knownRegions = (
				en,
				Base,
			);
			mainGroup = F862E9EE2A31AC280051925E;
			productRefGroup = F862E9F82A31AC280051925E /* Products */;
			projectDirPath = "";
			projectRoot = "";
			targets = (
				F862E9F62A31AC280051925E /* DataPegawai */,
			);
		};
/* End PBXProject section */

/* Begin PBXResourcesBuildPhase section */
		F862E9F52A31AC280051925E /* Resources */ = {
			isa = PBXResourcesBuildPhase;
			buildActionMask = 2147483647;
			files = (
				F862EA0A2A31AC280051925E /* LaunchScreen.storyboard in Resources */,
				F862EA072A31AC280051925E /* Assets.xcassets in Resources */,
				F862EA022A31AC280051925E /* Main.storyboard in Resources */,
			);
			runOnlyForDeploymentPostprocessing = 0;
		};
/* End PBXResourcesBuildPhase section */

/* Begin PBXSourcesBuildPhase section */
		F862E9F32A31AC280051925E /* Sources */ = {
			isa = PBXSourcesBuildPhase;
			buildActionMask = 2147483647;
			files = (
				F862EA052A31AC280051925E /* DataPegawai.xcdatamodeld in Sources */,
				F862E9FF2A31AC280051925E /* ViewController.swift in Sources */,
				F862EA122A31B69B0051925E /* AddFormViewController.swift in Sources */,
				F804A5662A34248B00463966 /* TableViewCell.swift in Sources */,
				F8CAA1982A381F8F009A2DF5 /* CustomNavigationController.swift in Sources */,
				F862E9FB2A31AC280051925E /* AppDelegate.swift in Sources */,
				F862E9FD2A31AC280051925E /* SceneDelegate.swift in Sources */,
				F88EAC8B2A36CE5900712515 /* DetailViewController.swift in Sources */,
			);
			runOnlyForDeploymentPostprocessing = 0;
		};
/* End PBXSourcesBuildPhase section */

/* Begin PBXVariantGroup section */
		F862EA002A31AC280051925E /* Main.storyboard */ = {
			isa = PBXVariantGroup;
			children = (
				F862EA012A31AC280051925E /* Base */,
			);
			name = Main.storyboard;
			sourceTree = "<group>";
		};
		F862EA082A31AC280051925E /* LaunchScreen.storyboard */ = {
			isa = PBXVariantGroup;
			children = (
				F862EA092A31AC280051925E /* Base */,
			);
			name = LaunchScreen.storyboard;
			sourceTree = "<group>";
		};
/* End PBXVariantGroup section */

/* Begin XCBuildConfiguration section */
		F862EA0C2A31AC280051925E /* Debug */ = {
			isa = XCBuildConfiguration;
			buildSettings = {
				ALWAYS_SEARCH_USER_PATHS = NO;
				CLANG_ANALYZER_NONNULL = YES;
				CLANG_ANALYZER_NUMBER_OBJECT_CONVERSION = YES_AGGRESSIVE;
				CLANG_CXX_LANGUAGE_STANDARD = "gnu++20";
				CLANG_ENABLE_MODULES = YES;
				CLANG_ENABLE_OBJC_ARC = YES;
				CLANG_ENABLE_OBJC_WEAK = YES;
				CLANG_WARN_BLOCK_CAPTURE_AUTORELEASING = YES;
				CLANG_WARN_BOOL_CONVERSION = YES;
				CLANG_WARN_COMMA = YES;
				CLANG_WARN_CONSTANT_CONVERSION = YES;
				CLANG_WARN_DEPRECATED_OBJC_IMPLEMENTATIONS = YES;
				CLANG_WARN_DIRECT_OBJC_ISA_USAGE = YES_ERROR;
				CLANG_WARN_DOCUMENTATION_COMMENTS = YES;
				CLANG_WARN_EMPTY_BODY = YES;
				CLANG_WARN_ENUM_CONVERSION = YES;
				CLANG_WARN_INFINITE_RECURSION = YES;
				CLANG_WARN_INT_CONVERSION = YES;
				CLANG_WARN_NON_LITERAL_NULL_CONVERSION = YES;
				CLANG_WARN_OBJC_IMPLICIT_RETAIN_SELF = YES;
				CLANG_WARN_OBJC_LITERAL_CONVERSION = YES;
				CLANG_WARN_OBJC_ROOT_CLASS = YES_ERROR;
				CLANG_WARN_QUOTED_INCLUDE_IN_FRAMEWORK_HEADER = YES;
				CLANG_WARN_RANGE_LOOP_ANALYSIS = YES;
				CLANG_WARN_STRICT_PROTOTYPES = YES;
				CLANG_WARN_SUSPICIOUS_MOVE = YES;
				CLANG_WARN_UNGUARDED_AVAILABILITY = YES_AGGRESSIVE;
				CLANG_WARN_UNREACHABLE_CODE = YES;
				CLANG_WARN__DUPLICATE_METHOD_MATCH = YES;
				COPY_PHASE_STRIP = NO;
				DEBUG_INFORMATION_FORMAT = dwarf;
				ENABLE_STRICT_OBJC_MSGSEND = YES;
				ENABLE_TESTABILITY = YES;
				GCC_C_LANGUAGE_STANDARD = gnu11;
				GCC_DYNAMIC_NO_PIC = NO;
				GCC_NO_COMMON_BLOCKS = YES;
				GCC_OPTIMIZATION_LEVEL = 0;
				GCC_PREPROCESSOR_DEFINITIONS = (
					"DEBUG=1",
					"$(inherited)",
				);
				GCC_WARN_64_TO_32_BIT_CONVERSION = YES;
				GCC_WARN_ABOUT_RETURN_TYPE = YES_ERROR;
				GCC_WARN_UNDECLARED_SELECTOR = YES;
				GCC_WARN_UNINITIALIZED_AUTOS = YES_AGGRESSIVE;
				GCC_WARN_UNUSED_FUNCTION = YES;
				GCC_WARN_UNUSED_VARIABLE = YES;
				IPHONEOS_DEPLOYMENT_TARGET = 16.4;
				MTL_ENABLE_DEBUG_INFO = INCLUDE_SOURCE;
				MTL_FAST_MATH = YES;
				ONLY_ACTIVE_ARCH = YES;
				SDKROOT = iphoneos;
				SWIFT_ACTIVE_COMPILATION_CONDITIONS = DEBUG;
				SWIFT_OPTIMIZATION_LEVEL = "-Onone";
			};
			name = Debug;
		};
		F862EA0D2A31AC280051925E /* Release */ = {
			isa = XCBuildConfiguration;
			buildSettings = {
				ALWAYS_SEARCH_USER_PATHS = NO;
				CLANG_ANALYZER_NONNULL = YES;
				CLANG_ANALYZER_NUMBER_OBJECT_CONVERSION = YES_AGGRESSIVE;
				CLANG_CXX_LANGUAGE_STANDARD = "gnu++20";
				CLANG_ENABLE_MODULES = YES;
				CLANG_ENABLE_OBJC_ARC = YES;
				CLANG_ENABLE_OBJC_WEAK = YES;
				CLANG_WARN_BLOCK_CAPTURE_AUTORELEASING = YES;
				CLANG_WARN_BOOL_CONVERSION = YES;
				CLANG_WARN_COMMA = YES;
				CLANG_WARN_CONSTANT_CONVERSION = YES;
				CLANG_WARN_DEPRECATED_OBJC_IMPLEMENTATIONS = YES;
				CLANG_WARN_DIRECT_OBJC_ISA_USAGE = YES_ERROR;
				CLANG_WARN_DOCUMENTATION_COMMENTS = YES;
				CLANG_WARN_EMPTY_BODY = YES;
				CLANG_WARN_ENUM_CONVERSION = YES;
				CLANG_WARN_INFINITE_RECURSION = YES;
				CLANG_WARN_INT_CONVERSION = YES;
				CLANG_WARN_NON_LITERAL_NULL_CONVERSION = YES;
				CLANG_WARN_OBJC_IMPLICIT_RETAIN_SELF = YES;
				CLANG_WARN_OBJC_LITERAL_CONVERSION = YES;
				CLANG_WARN_OBJC_ROOT_CLASS = YES_ERROR;
				CLANG_WARN_QUOTED_INCLUDE_IN_FRAMEWORK_HEADER = YES;
				CLANG_WARN_RANGE_LOOP_ANALYSIS = YES;
				CLANG_WARN_STRICT_PROTOTYPES = YES;
				CLANG_WARN_SUSPICIOUS_MOVE = YES;
				CLANG_WARN_UNGUARDED_AVAILABILITY = YES_AGGRESSIVE;
				CLANG_WARN_UNREACHABLE_CODE = YES;
				CLANG_WARN__DUPLICATE_METHOD_MATCH = YES;
				COPY_PHASE_STRIP = NO;
				DEBUG_INFORMATION_FORMAT = "dwarf-with-dsym";
				ENABLE_NS_ASSERTIONS = NO;
				ENABLE_STRICT_OBJC_MSGSEND = YES;
				GCC_C_LANGUAGE_STANDARD = gnu11;
				GCC_NO_COMMON_BLOCKS = YES;
				GCC_WARN_64_TO_32_BIT_CONVERSION = YES;
				GCC_WARN_ABOUT_RETURN_TYPE = YES_ERROR;
				GCC_WARN_UNDECLARED_SELECTOR = YES;
				GCC_WARN_UNINITIALIZED_AUTOS = YES_AGGRESSIVE;
				GCC_WARN_UNUSED_FUNCTION = YES;
				GCC_WARN_UNUSED_VARIABLE = YES;
				IPHONEOS_DEPLOYMENT_TARGET = 16.4;
				MTL_ENABLE_DEBUG_INFO = NO;
				MTL_FAST_MATH = YES;
				SDKROOT = iphoneos;
				SWIFT_COMPILATION_MODE = wholemodule;
				SWIFT_OPTIMIZATION_LEVEL = "-O";
				VALIDATE_PRODUCT = YES;
			};
			name = Release;
		};
		F862EA0F2A31AC280051925E /* Debug */ = {
			isa = XCBuildConfiguration;
			buildSettings = {
				ASSETCATALOG_COMPILER_APPICON_NAME = AppIcon;
				ASSETCATALOG_COMPILER_GLOBAL_ACCENT_COLOR_NAME = AccentColor;
				CODE_SIGN_STYLE = Automatic;
				CURRENT_PROJECT_VERSION = 1;
				DEVELOPMENT_TEAM = JT2XGV66KF;
				GENERATE_INFOPLIST_FILE = YES;
				INFOPLIST_FILE = DataPegawai/FileSystem/Info.plist;
				INFOPLIST_KEY_UIApplicationSupportsIndirectInputEvents = YES;
				INFOPLIST_KEY_UILaunchStoryboardName = LaunchScreen;
				INFOPLIST_KEY_UIMainStoryboardFile = Main;
				INFOPLIST_KEY_UIStatusBarStyle = "";
				INFOPLIST_KEY_UISupportedInterfaceOrientations_iPad = "UIInterfaceOrientationPortrait UIInterfaceOrientationPortraitUpsideDown UIInterfaceOrientationLandscapeLeft UIInterfaceOrientationLandscapeRight";
				INFOPLIST_KEY_UISupportedInterfaceOrientations_iPhone = "UIInterfaceOrientationPortrait UIInterfaceOrientationLandscapeLeft UIInterfaceOrientationLandscapeRight";
				IPHONEOS_DEPLOYMENT_TARGET = 13.0;
				LD_RUNPATH_SEARCH_PATHS = (
					"$(inherited)",
					"@executable_path/Frameworks",
				);
				MARKETING_VERSION = 1.0;
				PRODUCT_BUNDLE_IDENTIFIER = ariqhikari.DataPegawai;
				PRODUCT_NAME = "$(TARGET_NAME)";
				SWIFT_EMIT_LOC_STRINGS = YES;
				SWIFT_VERSION = 5.0;
				TARGETED_DEVICE_FAMILY = "1,2";
			};
			name = Debug;
		};
		F862EA102A31AC280051925E /* Release */ = {
			isa = XCBuildConfiguration;
			buildSettings = {
				ASSETCATALOG_COMPILER_APPICON_NAME = AppIcon;
				ASSETCATALOG_COMPILER_GLOBAL_ACCENT_COLOR_NAME = AccentColor;
				CODE_SIGN_STYLE = Automatic;
				CURRENT_PROJECT_VERSION = 1;
				DEVELOPMENT_TEAM = JT2XGV66KF;
				GENERATE_INFOPLIST_FILE = YES;
				INFOPLIST_FILE = DataPegawai/FileSystem/Info.plist;
				INFOPLIST_KEY_UIApplicationSupportsIndirectInputEvents = YES;
				INFOPLIST_KEY_UILaunchStoryboardName = LaunchScreen;
				INFOPLIST_KEY_UIMainStoryboardFile = Main;
				INFOPLIST_KEY_UIStatusBarStyle = "";
				INFOPLIST_KEY_UISupportedInterfaceOrientations_iPad = "UIInterfaceOrientationPortrait UIInterfaceOrientationPortraitUpsideDown UIInterfaceOrientationLandscapeLeft UIInterfaceOrientationLandscapeRight";
				INFOPLIST_KEY_UISupportedInterfaceOrientations_iPhone = "UIInterfaceOrientationPortrait UIInterfaceOrientationLandscapeLeft UIInterfaceOrientationLandscapeRight";
				IPHONEOS_DEPLOYMENT_TARGET = 13.0;
				LD_RUNPATH_SEARCH_PATHS = (
					"$(inherited)",
					"@executable_path/Frameworks",
				);
				MARKETING_VERSION = 1.0;
				PRODUCT_BUNDLE_IDENTIFIER = ariqhikari.DataPegawai;
				PRODUCT_NAME = "$(TARGET_NAME)";
				SWIFT_EMIT_LOC_STRINGS = YES;
				SWIFT_VERSION = 5.0;
				TARGETED_DEVICE_FAMILY = "1,2";
			};
			name = Release;
		};
/* End XCBuildConfiguration section */

/* Begin XCConfigurationList section */
		F862E9F22A31AC280051925E /* Build configuration list for PBXProject "DataPegawai" */ = {
			isa = XCConfigurationList;
			buildConfigurations = (
				F862EA0C2A31AC280051925E /* Debug */,
				F862EA0D2A31AC280051925E /* Release */,
			);
			defaultConfigurationIsVisible = 0;
			defaultConfigurationName = Release;
		};
		F862EA0E2A31AC280051925E /* Build configuration list for PBXNativeTarget "DataPegawai" */ = {
			isa = XCConfigurationList;
			buildConfigurations = (
				F862EA0F2A31AC280051925E /* Debug */,
				F862EA102A31AC280051925E /* Release */,
			);
			defaultConfigurationIsVisible = 0;
			defaultConfigurationName = Release;
		};
/* End XCConfigurationList section */

/* Begin XCVersionGroup section */
		F862EA032A31AC280051925E /* DataPegawai.xcdatamodeld */ = {
			isa = XCVersionGroup;
			children = (
				F862EA042A31AC280051925E /* DataPegawai.xcdatamodel */,
			);
			currentVersion = F862EA042A31AC280051925E /* DataPegawai.xcdatamodel */;
			path = DataPegawai.xcdatamodeld;
			sourceTree = "<group>";
			versionGroupType = wrapper.xcdatamodel;
		};
/* End XCVersionGroup section */
	};
	rootObject = F862E9EF2A31AC280051925E /* Project object */;
}
